
Microsoft Visual Studio Solution File, Format Version 12.00
# Visual Studio Version 16
VisualStudioVersion = 16.0.32602.291
MinimumVisualStudioVersion = 10.0.40219.1
Project("{FAE04EC0-301F-11D3-BF4B-00C04F79EFBC}") = "Fix.Android", "Fix\Fix.Android\Fix.Android.csproj", "{89BD4A60-5437-4837-B9B7-ABCAAA6FB07A}"
EndProject
Project("{FAE04EC0-301F-11D3-BF4B-00C04F79EFBC}") = "Fix.iOS", "Fix\Fix.iOS\Fix.iOS.csproj", "{99EE5E3F-C8C2-4923-872F-1FDD6CDE9952}"
EndProject
Project("{FAE04EC0-301F-11D3-BF4B-00C04F79EFBC}") = "Fix", "Fix\Fix\Fix.csproj", "{3760EFDC-D3A6-43BA-982B-B3743A13EEEE}"
EndProject
Global
	GlobalSection(SolutionConfigurationPlatforms) = preSolution
		Debug|Any CPU = Debug|Any CPU
		Debug|iPhone = Debug|iPhone
		Debug|iPhoneSimulator = Debug|iPhoneSimulator
		Release|Any CPU = Release|Any CPU
		Release|iPhone = Release|iPhone
		Release|iPhoneSimulator = Release|iPhoneSimulator
	EndGlobalSection
	GlobalSection(ProjectConfigurationPlatforms) = postSolution
		{89BD4A60-5437-4837-B9B7-ABCAAA6FB07A}.Debug|Any CPU.ActiveCfg = Debug|Any CPU
		{89BD4A60-5437-4837-B9B7-ABCAAA6FB07A}.Debug|Any CPU.Build.0 = Debug|Any CPU
		{89BD4A60-5437-4837-B9B7-ABCAAA6FB07A}.Debug|Any CPU.Deploy.0 = Debug|Any CPU
		{89BD4A60-5437-4837-B9B7-ABCAAA6FB07A}.Debug|iPhone.ActiveCfg = Debug|Any CPU
		{89BD4A60-5437-4837-B9B7-ABCAAA6FB07A}.Debug|iPhone.Build.0 = Debug|Any CPU
		{89BD4A60-5437-4837-B9B7-ABCAAA6FB07A}.Debug|iPhone.Deploy.0 = Debug|Any CPU
		{89BD4A60-5437-4837-B9B7-ABCAAA6FB07A}.Debug|iPhoneSimulator.ActiveCfg = Debug|Any CPU
		{89BD4A60-5437-4837-B9B7-ABCAAA6FB07A}.Debug|iPhoneSimulator.Build.0 = Debug|Any CPU
		{89BD4A60-5437-4837-B9B7-ABCAAA6FB07A}.Debug|iPhoneSimulator.Deploy.0 = Debug|Any CPU
		{89BD4A60-5437-4837-B9B7-ABCAAA6FB07A}.Release|Any CPU.ActiveCfg = Release|Any CPU
		{89BD4A60-5437-4837-B9B7-ABCAAA6FB07A}.Release|Any CPU.Build.0 = Release|Any CPU
		{89BD4A60-5437-4837-B9B7-ABCAAA6FB07A}.Release|Any CPU.Deploy.0 = Release|Any CPU
		{89BD4A60-5437-4837-B9B7-ABCAAA6FB07A}.Release|iPhone.ActiveCfg = Release|Any CPU
		{89BD4A60-5437-4837-B9B7-ABCAAA6FB07A}.Release|iPhone.Build.0 = Release|Any CPU
		{89BD4A60-5437-4837-B9B7-ABCAAA6FB07A}.Release|iPhone.Deploy.0 = Release|Any CPU
		{89BD4A60-5437-4837-B9B7-ABCAAA6FB07A}.Release|iPhoneSimulator.ActiveCfg = Release|Any CPU
		{89BD4A60-5437-4837-B9B7-ABCAAA6FB07A}.Release|iPhoneSimulator.Build.0 = Release|Any CPU
		{89BD4A60-5437-4837-B9B7-ABCAAA6FB07A}.Release|iPhoneSimulator.Deploy.0 = Release|Any CPU
		{99EE5E3F-C8C2-4923-872F-1FDD6CDE9952}.Debug|Any CPU.ActiveCfg = Debug|iPhone
		{99EE5E3F-C8C2-4923-872F-1FDD6CDE9952}.Debug|Any CPU.Build.0 = Debug|iPhone
		{99EE5E3F-C8C2-4923-872F-1FDD6CDE9952}.Debug|Any CPU.Deploy.0 = Debug|iPhone
		{99EE5E3F-C8C2-4923-872F-1FDD6CDE9952}.Debug|iPhone.ActiveCfg = Debug|iPhone
		{99EE5E3F-C8C2-4923-872F-1FDD6CDE9952}.Debug|iPhone.Build.0 = Debug|iPhone
		{99EE5E3F-C8C2-4923-872F-1FDD6CDE9952}.Debug|iPhone.Deploy.0 = Debug|iPhone
		{99EE5E3F-C8C2-4923-872F-1FDD6CDE9952}.Debug|iPhoneSimulator.ActiveCfg = Debug|iPhoneSimulator
		{99EE5E3F-C8C2-4923-872F-1FDD6CDE9952}.Debug|iPhoneSimulator.Build.0 = Debug|iPhoneSimulator
		{99EE5E3F-C8C2-4923-872F-1FDD6CDE9952}.Debug|iPhoneSimulator.Deploy.0 = Debug|iPhoneSimulator
		{99EE5E3F-C8C2-4923-872F-1FDD6CDE9952}.Release|Any CPU.ActiveCfg = Release|iPhoneSimulator
		{99EE5E3F-C8C2-4923-872F-1FDD6CDE9952}.Release|Any CPU.Build.0 = Release|iPhoneSimulator
		{99EE5E3F-C8C2-4923-872F-1FDD6CDE9952}.Release|Any CPU.Deploy.0 = Release|iPhoneSimulator
		{99EE5E3F-C8C2-4923-872F-1FDD6CDE9952}.Release|iPhone.ActiveCfg = Release|iPhone
		{99EE5E3F-C8C2-4923-872F-1FDD6CDE9952}.Release|iPhone.Build.0 = Release|iPhone
		{99EE5E3F-C8C2-4923-872F-1FDD6CDE9952}.Release|iPhone.Deploy.0 = Release|iPhone
		{99EE5E3F-C8C2-4923-872F-1FDD6CDE9952}.Release|iPhoneSimulator.ActiveCfg = Release|iPhoneSimulator
		{99EE5E3F-C8C2-4923-872F-1FDD6CDE9952}.Release|iPhoneSimulator.Build.0 = Release|iPhoneSimulator
		{99EE5E3F-C8C2-4923-872F-1FDD6CDE9952}.Release|iPhoneSimulator.Deploy.0 = Release|iPhoneSimulator
		{3760EFDC-D3A6-43BA-982B-B3743A13EEEE}.Debug|Any CPU.ActiveCfg = Debug|Any CPU
		{3760EFDC-D3A6-43BA-982B-B3743A13EEEE}.Debug|Any CPU.Build.0 = Debug|Any CPU
		{3760EFDC-D3A6-43BA-982B-B3743A13EEEE}.Debug|Any CPU.Deploy.0 = Debug|Any CPU
		{3760EFDC-D3A6-43BA-982B-B3743A13EEEE}.Debug|iPhone.ActiveCfg = Debug|Any CPU
		{3760EFDC-D3A6-43BA-982B-B3743A13EEEE}.Debug|iPhone.Build.0 = Debug|Any CPU
		{3760EFDC-D3A6-43BA-982B-B3743A13EEEE}.Debug|iPhone.Deploy.0 = Debug|Any CPU
		{3760EFDC-D3A6-43BA-982B-B3743A13EEEE}.Debug|iPhoneSimulator.ActiveCfg = Debug|Any CPU
		{3760EFDC-D3A6-43BA-982B-B3743A13EEEE}.Debug|iPhoneSimulator.Build.0 = Debug|Any CPU
		{3760EFDC-D3A6-43BA-982B-B3743A13EEEE}.Debug|iPhoneSimulator.Deploy.0 = Debug|Any CPU
		{3760EFDC-D3A6-43BA-982B-B3743A13EEEE}.Release|Any CPU.ActiveCfg = Release|Any CPU
		{3760EFDC-D3A6-43BA-982B-B3743A13EEEE}.Release|Any CPU.Build.0 = Release|Any CPU
		{3760EFDC-D3A6-43BA-982B-B3743A13EEEE}.Release|Any CPU.Deploy.0 = Release|Any CPU
		{3760EFDC-D3A6-43BA-982B-B3743A13EEEE}.Release|iPhone.ActiveCfg = Release|Any CPU
		{3760EFDC-D3A6-43BA-982B-B3743A13EEEE}.Release|iPhone.Build.0 = Release|Any CPU
		{3760EFDC-D3A6-43BA-982B-B3743A13EEEE}.Release|iPhone.Deploy.0 = Release|Any CPU
		{3760EFDC-D3A6-43BA-982B-B3743A13EEEE}.Release|iPhoneSimulator.ActiveCfg = Release|Any CPU
		{3760EFDC-D3A6-43BA-982B-B3743A13EEEE}.Release|iPhoneSimulator.Build.0 = Release|Any CPU
		{3760EFDC-D3A6-43BA-982B-B3743A13EEEE}.Release|iPhoneSimulator.Deploy.0 = Release|Any CPU
	EndGlobalSection
	GlobalSection(SolutionProperties) = preSolution
		HideSolutionNode = FALSE
	EndGlobalSection
	GlobalSection(ExtensibilityGlobals) = postSolution
		SolutionGuid = {086B1C60-0CE2-4172-A9D0-023E6D19DD78}
	EndGlobalSection
EndGlobal
